{
  "object": {
    "pins": [
      {
        "package": "swift-varint",
        "repositoryURL": "https://github.com/swift-libp2p/swift-varint.git",
        "state": {
          "branch": null,
          "revision": "1ea4cd2ea5f1c74527600de659f0805d2e12fa6b",
          "version": "0.0.2"
        }
      }
    ]
  },
  "version": 1
}
