{
  "object": {
    "pins": [
      {
        "package": "swift-varint",
        "repositoryURL": "https://github.com/swift-libp2p/swift-varint.git",
        "state": {
          "branch": null,
          "revision": "3d1e3c9ca4824d5acaf40ff46e96c0b956599271",
          "version": "0.0.1"
        }
      }
    ]
  },
  "version": 1
}
